<?xml version="1.0" encoding="UTF-8"?>
<Scheme
   version = "1.3">
   <BuildAction>
      <BuildActionEntries>
         <BuildActionEntry
            buildForRunning = "YES">
            <BuildableReference
               BuildableIdentifier = "primary"
               BlueprintIdentifier = "37B211E843AFCA81D664FE9E"
               BuildableName = "AsyncAwaitPlay.app"
               BlueprintName = "AsyncAwaitPlay"
               ReferencedContainer = "container:AsyncAwaitPlay.xcodeproj">
            </BuildableReference>
         </BuildActionEntry>
      </BuildActionEntries>
   </BuildAction>
   <LaunchAction
      useCustomWorkingDirectory = "NO"
      buildConfiguration = "Debug"
      allowLocationSimulation = "YES">
      <BuildableProductRunnable>
         <BuildableReference
            BuildableIdentifier = "primary"
            BlueprintIdentifier = "37B211E843AFCA81D664FE9E"
            BuildableName = "AsyncAwaitPlay.app"
            BlueprintName = "AsyncAwaitPlay"
            ReferencedContainer = "container:AsyncAwaitPlay.xcodeproj">
         </BuildableReference>
      </BuildableProductRunnable>
   </LaunchAction>
</Scheme>
