<?xml version="1.0" encoding="UTF-8"?>
<Scheme
   version = "1.3">
   <BuildAction>
      <BuildActionEntries>
         <BuildActionEntry
            buildForRunning = "YES">
            <BuildableReference
               BuildableIdentifier = "primary"
               BlueprintIdentifier = "37B21ECEFCFB9C33E4E46416"
               BuildableName = "ProgrammingInitialController.app"
               BlueprintName = "ProgrammingInitialController"
               ReferencedContainer = "container:ProgrammingInitialController.xcodeproj">
            </BuildableReference>
         </BuildActionEntry>
      </BuildActionEntries>
   </BuildAction>
   <LaunchAction
      useCustomWorkingDirectory = "NO"
      buildConfiguration = "Debug"
      allowLocationSimulation = "YES">
      <BuildableProductRunnable>
         <BuildableReference
            BuildableIdentifier = "primary"
            BlueprintIdentifier = "37B21ECEFCFB9C33E4E46416"
            BuildableName = "ProgrammingInitialController.app"
            BlueprintName = "ProgrammingInitialController"
            ReferencedContainer = "container:ProgrammingInitialController.xcodeproj">
         </BuildableReference>
      </BuildableProductRunnable>
   </LaunchAction>
</Scheme>
