// !$*UTF8*$!
{
	archiveVersion = 1;
	classes = {
	};
	objectVersion = 46;
	objects = {

/* Begin PBXBuildFile section */
		37B2106DCE51193404C6BE36 /* WaterFallCell.swift in Sources */ = {isa = PBXBuildFile; fileRef = 37B21ED54BD4122ADD60DA63 /* WaterFallCell.swift */; };
		37B21237D22336C51DB429CC /* WaterFallLayout.swift in Sources */ = {isa = PBXBuildFile; fileRef = 37B216B0A280B362EB2DBEE7 /* WaterFallLayout.swift */; };
		37B213426F87F823F82023DD /* AppDelegate.swift in Sources */ = {isa = PBXBuildFile; fileRef = 37B21F83DE5C9FDB880B9AA2 /* AppDelegate.swift */; };
		37B2146AB2EA4CB98D1A6767 /* ViewController.swift in Sources */ = {isa = PBXBuildFile; fileRef = 37B21ED8ABAEC6BBADA31367 /* ViewController.swift */; };
		37B214A0B2AB3B6062995683 /* LaunchScreen.storyboard in Resources */ = {isa = PBXBuildFile; fileRef = 37B21AE27198408503E68789 /* LaunchScreen.storyboard */; };
		37B219C2F89E338EACA95532 /* Assets.xcassets in Resources */ = {isa = PBXBuildFile; fileRef = 37B219ED0FF3671738BF1F9F /* Assets.xcassets */; };
		37B21AC72600A39F2331C837 /* SceneDelegate.swift in Sources */ = {isa = PBXBuildFile; fileRef = 37B2151054AABCE5882FA4A8 /* SceneDelegate.swift */; };
		37B21F2EBE7D0A5F7997E66D /* Main.storyboard in Resources */ = {isa = PBXBuildFile; fileRef = 37B213E17C4E027F37BC8266 /* Main.storyboard */; };
/* End PBXBuildFile section */

/* Begin PBXFileReference section */
		37B2106E56CBC45848495B89 /* Base */ = {isa = PBXFileReference; lastKnownFileType = file.storyboard; name = Base; path = Base.lproj/Main.storyboard; sourceTree = "<group>"; };
		37B2117FB0BCE8A6D2ABC438 /* WaterFallLayout.app */ = {isa = PBXFileReference; explicitFileType = wrapper.application; includeInIndex = 0; path = WaterFallLayout.app; sourceTree = BUILT_PRODUCTS_DIR; };
		37B2151054AABCE5882FA4A8 /* SceneDelegate.swift */ = {isa = PBXFileReference; lastKnownFileType = sourcecode.swift; path = SceneDelegate.swift; sourceTree = "<group>"; };
		37B216B00371C5D65F288788 /* Base */ = {isa = PBXFileReference; lastKnownFileType = file.storyboard; name = Base; path = Base.lproj/LaunchScreen.storyboard; sourceTree = "<group>"; };
		37B216B0A280B362EB2DBEE7 /* WaterFallLayout.swift */ = {isa = PBXFileReference; fileEncoding = 4; lastKnownFileType = sourcecode.swift; path = WaterFallLayout.swift; sourceTree = "<group>"; };
		37B217E0DF65D72E68583C47 /* Info.plist */ = {isa = PBXFileReference; lastKnownFileType = text.plist.info; path = Info.plist; sourceTree = "<group>"; };
		37B219ED0FF3671738BF1F9F /* Assets.xcassets */ = {isa = PBXFileReference; lastKnownFileType = folder.assetcatalog; path = Assets.xcassets; sourceTree = "<group>"; };
		37B21ED54BD4122ADD60DA63 /* WaterFallCell.swift */ = {isa = PBXFileReference; fileEncoding = 4; lastKnownFileType = sourcecode.swift; path = WaterFallCell.swift; sourceTree = "<group>"; };
		37B21ED8ABAEC6BBADA31367 /* ViewController.swift */ = {isa = PBXFileReference; lastKnownFileType = sourcecode.swift; path = ViewController.swift; sourceTree = "<group>"; };
		37B21F83DE5C9FDB880B9AA2 /* AppDelegate.swift */ = {isa = PBXFileReference; lastKnownFileType = sourcecode.swift; path = AppDelegate.swift; sourceTree = "<group>"; };
/* End PBXFileReference section */

/* Begin PBXFrameworksBuildPhase section */
		37B21FD229029CBF9C6E214D /* Frameworks */ = {
			isa = PBXFrameworksBuildPhase;
			buildActionMask = 2147483647;
			files = (
			);
			runOnlyForDeploymentPostprocessing = 0;
		};
/* End PBXFrameworksBuildPhase section */

/* Begin PBXGroup section */
		37B2181399D2D0CD0678F80B /* WaterFallLayout */ = {
			isa = PBXGroup;
			children = (
				37B219ED0FF3671738BF1F9F /* Assets.xcassets */,
				37B21F83DE5C9FDB880B9AA2 /* AppDelegate.swift */,
				37B21AE27198408503E68789 /* LaunchScreen.storyboard */,
				37B217E0DF65D72E68583C47 /* Info.plist */,
				37B2151054AABCE5882FA4A8 /* SceneDelegate.swift */,
				37B21ED8ABAEC6BBADA31367 /* ViewController.swift */,
				37B213E17C4E027F37BC8266 /* Main.storyboard */,
				37B21ED54BD4122ADD60DA63 /* WaterFallCell.swift */,
				37B216B0A280B362EB2DBEE7 /* WaterFallLayout.swift */,
			);
			path = WaterFallLayout;
			sourceTree = "<group>";
		};
		37B21CD91816E343A8221888 = {
			isa = PBXGroup;
			children = (
				37B21F0533DE5BF105503E4D /* Products */,
				37B2181399D2D0CD0678F80B /* WaterFallLayout */,
			);
			sourceTree = "<group>";
		};
		37B21F0533DE5BF105503E4D /* Products */ = {
			isa = PBXGroup;
			children = (
				37B2117FB0BCE8A6D2ABC438 /* WaterFallLayout.app */,
			);
			name = Products;
			sourceTree = "<group>";
		};
/* End PBXGroup section */

/* Begin PBXNativeTarget section */
		37B219F1489EBACB91350F11 /* WaterFallLayout */ = {
			isa = PBXNativeTarget;
			buildConfigurationList = 37B218FE81734DF4CE2A8CD5 /* Build configuration list for PBXNativeTarget "WaterFallLayout" */;
			buildPhases = (
				37B21D31FF6C579B45B46C32 /* Sources */,
				37B21FD229029CBF9C6E214D /* Frameworks */,
				37B21D57662A361C3A5AB7BB /* Resources */,
			);
			buildRules = (
			);
			dependencies = (
			);
			name = WaterFallLayout;
			productName = WaterFallLayout;
			productReference = 37B2117FB0BCE8A6D2ABC438 /* WaterFallLayout.app */;
			productType = "com.apple.product-type.application";
		};
/* End PBXNativeTarget section */

/* Begin PBXProject section */
		37B21DE3DEAEF02A5F649576 /* Project object */ = {
			isa = PBXProject;
			buildConfigurationList = 37B214CCBB3C5C798701C8B2 /* Build configuration list for PBXProject "WaterFallLayout" */;
			compatibilityVersion = "Xcode 3.2";
			developmentRegion = English;
			hasScannedForEncodings = 0;
			knownRegions = (
				en,
			);
			mainGroup = 37B21CD91816E343A8221888;
			productRefGroup = 37B21F0533DE5BF105503E4D /* Products */;
			projectDirPath = "";
			projectRoot = "";
			targets = (
				37B219F1489EBACB91350F11 /* WaterFallLayout */,
			);
		};
/* End PBXProject section */

/* Begin PBXResourcesBuildPhase section */
		37B21D57662A361C3A5AB7BB /* Resources */ = {
			isa = PBXResourcesBuildPhase;
			buildActionMask = 2147483647;
			files = (
				37B219C2F89E338EACA95532 /* Assets.xcassets in Resources */,
				37B214A0B2AB3B6062995683 /* LaunchScreen.storyboard in Resources */,
				37B21F2EBE7D0A5F7997E66D /* Main.storyboard in Resources */,
			);
			runOnlyForDeploymentPostprocessing = 0;
		};
/* End PBXResourcesBuildPhase section */

/* Begin PBXSourcesBuildPhase section */
		37B21D31FF6C579B45B46C32 /* Sources */ = {
			isa = PBXSourcesBuildPhase;
			buildActionMask = 2147483647;
			files = (
				37B213426F87F823F82023DD /* AppDelegate.swift in Sources */,
				37B21AC72600A39F2331C837 /* SceneDelegate.swift in Sources */,
				37B2146AB2EA4CB98D1A6767 /* ViewController.swift in Sources */,
				37B2106DCE51193404C6BE36 /* WaterFallCell.swift in Sources */,
				37B21237D22336C51DB429CC /* WaterFallLayout.swift in Sources */,
			);
			runOnlyForDeploymentPostprocessing = 0;
		};
/* End PBXSourcesBuildPhase section */

/* Begin PBXVariantGroup section */
		37B213E17C4E027F37BC8266 /* Main.storyboard */ = {
			isa = PBXVariantGroup;
			children = (
				37B2106E56CBC45848495B89 /* Base */,
			);
			name = Main.storyboard;
			sourceTree = "<group>";
		};
		37B21AE27198408503E68789 /* LaunchScreen.storyboard */ = {
			isa = PBXVariantGroup;
			children = (
				37B216B00371C5D65F288788 /* Base */,
			);
			name = LaunchScreen.storyboard;
			sourceTree = "<group>";
		};
/* End PBXVariantGroup section */

/* Begin XCBuildConfiguration section */
		37B211244CC57CFF6A7D42DA /* Debug */ = {
			isa = XCBuildConfiguration;
			buildSettings = {
				ASSETCATALOG_COMPILER_APPICON_NAME = AppIcon;
				ASSETCATALOG_COMPILER_GLOBAL_ACCENT_COLOR_NAME = AccentColor;
				CURRENT_PROJECT_VERSION = 1;
				GENERATE_INFOPLIST_FILE = YES;
				INFOPLIST_FILE = WaterFallLayout/Info.plist;
				INFOPLIST_KEY_UIApplicationSupportsIndirectInputEvents = YES;
				INFOPLIST_KEY_UILaunchStoryboardName = LaunchScreen;
				INFOPLIST_KEY_UIMainStoryboardFile = Main;
				INFOPLIST_KEY_UISupportedInterfaceOrientations_iPad = "UIInterfaceOrientationPortrait UIInterfaceOrientationPortraitUpsideDown UIInterfaceOrientationLandscapeLeft UIInterfaceOrientationLandscapeRight";
				INFOPLIST_KEY_UISupportedInterfaceOrientations_iPhone = "UIInterfaceOrientationPortrait UIInterfaceOrientationLandscapeLeft UIInterfaceOrientationLandscapeRight";
				LD_RUNPATH_SEARCH_PATHS = "$(inherited) @executable_path/Frameworks";
				MARKETING_VERSION = 1.0;
				PRODUCT_BUNDLE_IDENTIFIER = com.lzhao.WaterFallLayout;
				PRODUCT_NAME = "$(TARGET_NAME)";
				SWIFT_EMIT_LOC_STRINGS = YES;
				SWIFT_VERSION = 5.0;
				TARGETED_DEVICE_FAMILY = "1,2";
			};
			name = Debug;
		};
		37B2114AC7FE66330E5F9504 /* Release */ = {
			isa = XCBuildConfiguration;
			buildSettings = {
				ALWAYS_SEARCH_USER_PATHS = NO;
				CLANG_ANALYZER_NONNULL = YES;
				CLANG_ANALYZER_NUMBER_OBJECT_CONVERSION = YES_AGGRESSIVE;
				CLANG_CXX_LANGUAGE_STANDARD = "gnu++17";
				CLANG_CXX_LIBRARY = "libc++";
				CLANG_ENABLE_MODULES = YES;
				CLANG_ENABLE_OBJC_ARC = YES;
				CLANG_ENABLE_OBJC_WEAK = YES;
				CLANG_WARN_BLOCK_CAPTURE_AUTORELEASING = YES;
				CLANG_WARN_BOOL_CONVERSION = YES;
				CLANG_WARN_COMMA = YES;
				CLANG_WARN_CONSTANT_CONVERSION = YES;
				CLANG_WARN_DEPRECATED_OBJC_IMPLEMENTATIONS = YES;
				CLANG_WARN_DIRECT_OBJC_ISA_USAGE = YES_ERROR;
				CLANG_WARN_DOCUMENTATION_COMMENTS = YES;
				CLANG_WARN_EMPTY_BODY = YES;
				CLANG_WARN_ENUM_CONVERSION = YES;
				CLANG_WARN_INFINITE_RECURSION = YES;
				CLANG_WARN_INT_CONVERSION = YES;
				CLANG_WARN_NON_LITERAL_NULL_CONVERSION = YES;
				CLANG_WARN_OBJC_IMPLICIT_RETAIN_SELF = YES;
				CLANG_WARN_OBJC_LITERAL_CONVERSION = YES;
				CLANG_WARN_OBJC_ROOT_CLASS = YES_ERROR;
				CLANG_WARN_QUOTED_INCLUDE_IN_FRAMEWORK_HEADER = YES;
				CLANG_WARN_RANGE_LOOP_ANALYSIS = YES;
				CLANG_WARN_STRICT_PROTOTYPES = YES;
				CLANG_WARN_SUSPICIOUS_MOVE = YES;
				CLANG_WARN_UNGUARDED_AVAILABILITY = YES_AGGRESSIVE;
				CLANG_WARN_UNREACHABLE_CODE = YES;
				CLANG_WARN__DUPLICATE_METHOD_MATCH = YES;
				COPY_PHASE_STRIP = NO;
				DEBUG_INFORMATION_FORMAT = "dwarf-with-dsym";
				ENABLE_NS_ASSERTIONS = NO;
				ENABLE_STRICT_OBJC_MSGSEND = YES;
				GCC_C_LANGUAGE_STANDARD = gnu11;
				GCC_NO_COMMON_BLOCKS = YES;
				GCC_WARN_64_TO_32_BIT_CONVERSION = YES;
				GCC_WARN_ABOUT_RETURN_TYPE = YES_ERROR;
				GCC_WARN_UNDECLARED_SELECTOR = YES;
				GCC_WARN_UNINITIALIZED_AUTOS = YES_AGGRESSIVE;
				GCC_WARN_UNUSED_FUNCTION = YES;
				GCC_WARN_UNUSED_VARIABLE = YES;
				IPHONEOS_DEPLOYMENT_TARGET = 15.2;
				MTL_ENABLE_DEBUG_INFO = NO;
				MTL_FAST_MATH = YES;
				SDKROOT = iphoneos;
				SWIFT_COMPILATION_MODE = wholemodule;
				SWIFT_OPTIMIZATION_LEVEL = "-O";
				VALIDATE_PRODUCT = YES;
			};
			name = Release;
		};
		37B211E1C00C8B9818708E64 /* Release */ = {
			isa = XCBuildConfiguration;
			buildSettings = {
				ASSETCATALOG_COMPILER_APPICON_NAME = AppIcon;
				ASSETCATALOG_COMPILER_GLOBAL_ACCENT_COLOR_NAME = AccentColor;
				CURRENT_PROJECT_VERSION = 1;
				GENERATE_INFOPLIST_FILE = YES;
				INFOPLIST_FILE = WaterFallLayout/Info.plist;
				INFOPLIST_KEY_UIApplicationSupportsIndirectInputEvents = YES;
				INFOPLIST_KEY_UILaunchStoryboardName = LaunchScreen;
				INFOPLIST_KEY_UIMainStoryboardFile = Main;
				INFOPLIST_KEY_UISupportedInterfaceOrientations_iPad = "UIInterfaceOrientationPortrait UIInterfaceOrientationPortraitUpsideDown UIInterfaceOrientationLandscapeLeft UIInterfaceOrientationLandscapeRight";
				INFOPLIST_KEY_UISupportedInterfaceOrientations_iPhone = "UIInterfaceOrientationPortrait UIInterfaceOrientationLandscapeLeft UIInterfaceOrientationLandscapeRight";
				LD_RUNPATH_SEARCH_PATHS = "$(inherited) @executable_path/Frameworks";
				MARKETING_VERSION = 1.0;
				PRODUCT_BUNDLE_IDENTIFIER = com.lzhao.WaterFallLayout;
				PRODUCT_NAME = "$(TARGET_NAME)";
				SWIFT_EMIT_LOC_STRINGS = YES;
				SWIFT_VERSION = 5.0;
				TARGETED_DEVICE_FAMILY = "1,2";
			};
			name = Release;
		};
		37B21B9A6D8D2FDCA8E04569 /* Debug */ = {
			isa = XCBuildConfiguration;
			buildSettings = {
				ALWAYS_SEARCH_USER_PATHS = NO;
				CLANG_ANALYZER_NONNULL = YES;
				CLANG_ANALYZER_NUMBER_OBJECT_CONVERSION = YES_AGGRESSIVE;
				CLANG_CXX_LANGUAGE_STANDARD = "gnu++17";
				CLANG_CXX_LIBRARY = "libc++";
				CLANG_ENABLE_MODULES = YES;
				CLANG_ENABLE_OBJC_ARC = YES;
				CLANG_ENABLE_OBJC_WEAK = YES;
				CLANG_WARN_BLOCK_CAPTURE_AUTORELEASING = YES;
				CLANG_WARN_BOOL_CONVERSION = YES;
				CLANG_WARN_COMMA = YES;
				CLANG_WARN_CONSTANT_CONVERSION = YES;
				CLANG_WARN_DEPRECATED_OBJC_IMPLEMENTATIONS = YES;
				CLANG_WARN_DIRECT_OBJC_ISA_USAGE = YES_ERROR;
				CLANG_WARN_DOCUMENTATION_COMMENTS = YES;
				CLANG_WARN_EMPTY_BODY = YES;
				CLANG_WARN_ENUM_CONVERSION = YES;
				CLANG_WARN_INFINITE_RECURSION = YES;
				CLANG_WARN_INT_CONVERSION = YES;
				CLANG_WARN_NON_LITERAL_NULL_CONVERSION = YES;
				CLANG_WARN_OBJC_IMPLICIT_RETAIN_SELF = YES;
				CLANG_WARN_OBJC_LITERAL_CONVERSION = YES;
				CLANG_WARN_OBJC_ROOT_CLASS = YES_ERROR;
				CLANG_WARN_QUOTED_INCLUDE_IN_FRAMEWORK_HEADER = YES;
				CLANG_WARN_RANGE_LOOP_ANALYSIS = YES;
				CLANG_WARN_STRICT_PROTOTYPES = YES;
				CLANG_WARN_SUSPICIOUS_MOVE = YES;
				CLANG_WARN_UNGUARDED_AVAILABILITY = YES_AGGRESSIVE;
				CLANG_WARN_UNREACHABLE_CODE = YES;
				CLANG_WARN__DUPLICATE_METHOD_MATCH = YES;
				COPY_PHASE_STRIP = NO;
				DEBUG_INFORMATION_FORMAT = dwarf;
				ENABLE_STRICT_OBJC_MSGSEND = YES;
				ENABLE_TESTABILITY = YES;
				GCC_C_LANGUAGE_STANDARD = gnu11;
				GCC_DYNAMIC_NO_PIC = NO;
				GCC_NO_COMMON_BLOCKS = YES;
				GCC_OPTIMIZATION_LEVEL = 0;
				GCC_PREPROCESSOR_DEFINITIONS = (
					"DEBUG=1",
					"$(inherited)",
				);
				GCC_WARN_64_TO_32_BIT_CONVERSION = YES;
				GCC_WARN_ABOUT_RETURN_TYPE = YES_ERROR;
				GCC_WARN_UNDECLARED_SELECTOR = YES;
				GCC_WARN_UNINITIALIZED_AUTOS = YES_AGGRESSIVE;
				GCC_WARN_UNUSED_FUNCTION = YES;
				GCC_WARN_UNUSED_VARIABLE = YES;
				IPHONEOS_DEPLOYMENT_TARGET = 15.2;
				MTL_ENABLE_DEBUG_INFO = INCLUDE_SOURCE;
				MTL_FAST_MATH = YES;
				ONLY_ACTIVE_ARCH = YES;
				SDKROOT = iphoneos;
				SWIFT_ACTIVE_COMPILATION_CONDITIONS = DEBUG;
				SWIFT_OPTIMIZATION_LEVEL = "-Onone";
			};
			name = Debug;
		};
/* End XCBuildConfiguration section */

/* Begin XCConfigurationList section */
		37B214CCBB3C5C798701C8B2 /* Build configuration list for PBXProject "WaterFallLayout" */ = {
			isa = XCConfigurationList;
			buildConfigurations = (
				37B21B9A6D8D2FDCA8E04569 /* Debug */,
				37B2114AC7FE66330E5F9504 /* Release */,
			);
			defaultConfigurationIsVisible = 0;
			defaultConfigurationName = Release;
		};
		37B218FE81734DF4CE2A8CD5 /* Build configuration list for PBXNativeTarget "WaterFallLayout" */ = {
			isa = XCConfigurationList;
			buildConfigurations = (
				37B211244CC57CFF6A7D42DA /* Debug */,
				37B211E1C00C8B9818708E64 /* Release */,
			);
			defaultConfigurationIsVisible = 0;
		};
/* End XCConfigurationList section */
	};
	rootObject = 37B21DE3DEAEF02A5F649576 /* Project object */;
}
