<?xml version="1.0" encoding="UTF-8"?>
<Scheme
   version = "1.3">
   <BuildAction>
      <BuildActionEntries>
         <BuildActionEntry
            buildForRunning = "YES">
            <BuildableReference
               BuildableIdentifier = "primary"
               BlueprintIdentifier = "37B219F485C07D20C4615EE1"
               BuildableName = "quartz2DPlay.app"
               BlueprintName = "quartz2DPlay"
               ReferencedContainer = "container:quartz2DPlay.xcodeproj">
            </BuildableReference>
         </BuildActionEntry>
      </BuildActionEntries>
   </BuildAction>
   <LaunchAction
      useCustomWorkingDirectory = "NO"
      buildConfiguration = "Debug"
      allowLocationSimulation = "YES">
      <BuildableProductRunnable>
         <BuildableReference
            BuildableIdentifier = "primary"
            BlueprintIdentifier = "37B219F485C07D20C4615EE1"
            BuildableName = "quartz2DPlay.app"
            BlueprintName = "quartz2DPlay"
            ReferencedContainer = "container:quartz2DPlay.xcodeproj">
         </BuildableReference>
      </BuildableProductRunnable>
   </LaunchAction>
</Scheme>
