<?xml version="1.0" encoding="UTF-8"?>
<Scheme
   version = "1.3">
   <BuildAction>
      <BuildActionEntries>
         <BuildActionEntry
            buildForRunning = "YES">
            <BuildableReference
               BuildableIdentifier = "primary"
               BlueprintIdentifier = "37B21073A3EF3FAC32AB7197"
               BuildableName = "&#24405;&#38899;.app"
               BlueprintName = "&#24405;&#38899;"
               ReferencedContainer = "container:&#24405;&#38899;.xcodeproj">
            </BuildableReference>
         </BuildActionEntry>
      </BuildActionEntries>
   </BuildAction>
   <LaunchAction
      useCustomWorkingDirectory = "NO"
      buildConfiguration = "Debug"
      allowLocationSimulation = "YES">
      <BuildableProductRunnable>
         <BuildableReference
            BuildableIdentifier = "primary"
            BlueprintIdentifier = "37B21073A3EF3FAC32AB7197"
            BuildableName = "&#24405;&#38899;.app"
            BlueprintName = "&#24405;&#38899;"
            ReferencedContainer = "container:&#24405;&#38899;.xcodeproj">
         </BuildableReference>
      </BuildableProductRunnable>
   </LaunchAction>
</Scheme>
