<?xml version="1.0" encoding="UTF-8"?>
<Scheme
   version = "1.3">
   <BuildAction>
      <BuildActionEntries>
         <BuildActionEntry
            buildForRunning = "YES">
            <BuildableReference
               BuildableIdentifier = "primary"
               BlueprintIdentifier = "D41B445C27D535B80075F1C3"
               BuildableName = "BlueTooth(MultipeerConnectivity).app"
               BlueprintName = "BlueTooth(MultipeerConnectivity)"
               ReferencedContainer = "container:BlueTooth(MultipeerConnectivity).xcodeproj">
            </BuildableReference>
         </BuildActionEntry>
      </BuildActionEntries>
   </BuildAction>
   <LaunchAction
      useCustomWorkingDirectory = "NO"
      buildConfiguration = "Debug"
      allowLocationSimulation = "YES">
      <BuildableProductRunnable>
         <BuildableReference
            BuildableIdentifier = "primary"
            BlueprintIdentifier = "D41B445C27D535B80075F1C3"
            BuildableName = "BlueTooth(MultipeerConnectivity).app"
            BlueprintName = "BlueTooth(MultipeerConnectivity)"
            ReferencedContainer = "container:BlueTooth(MultipeerConnectivity).xcodeproj">
         </BuildableReference>
      </BuildableProductRunnable>
   </LaunchAction>
</Scheme>
